{
  "name": "scoring-analyzer-infra",
  "lockfileVersion": 3,
  "requires": true,
  "packages": {
    "": {
      "name": "scoring-analyzer-infra",
      "dependencies": {
        "sst": "^4.2.2"
      },
      "devDependencies": {
        "typescript": "^6.0.2"
      }
    },
    "node_modules/aws4fetch": {
      "version": "1.0.18",
      "resolved": "https://registry.npmjs.org/aws4fetch/-/aws4fetch-1.0.18.tgz",
      "integrity": "sha512-3Cf+YaUl07p24MoQ46rFwulAmiyCwH2+1zw1ZyPAX5OtJ34Hh185DwB8y/qRLb6cYYYtSFJ9pthyLc0MD4e8sQ==",
      "license": "MIT"
    },
    "node_modules/jose": {
      "version": "5.2.3",
      "resolved": "https://registry.npmjs.org/jose/-/jose-5.2.3.tgz",
      "integrity": "sha512-KUXdbctm1uHVL8BYhnyHkgp3zDX5KW8ZhAKVFEfUbU2P8Alpzjb+48hHvjOdQIyPshoblhzsuqOwEEAbtHVirA==",
      "license": "MIT",
      "funding": {
        "url": "https://github.com/sponsors/panva"
      }
    },
    "node_modules/lru-cache": {
      "version": "6.0.0",
      "resolved": "https://registry.npmjs.org/lru-cache/-/lru-cache-6.0.0.tgz",
      "integrity": "sha512-Jo6dJ04CmSjuznwJSS3pUeWmd/H0ffTlkXXgwZi+eq1UCmqQwCh+eLsYOYCwY991i2Fah4h1BEMCx4qThGbsiA==",
      "license": "ISC",
      "dependencies": {
        "yallist": "^4.0.0"
      },
      "engines": {
        "node": ">=10"
      }
    },
    "node_modules/object-hash": {
      "version": "2.2.0",
      "resolved": "https://registry.npmjs.org/object-hash/-/object-hash-2.2.0.tgz",
      "integrity": "sha512-gScRMn0bS5fH+IuwyIFgnh9zBdo4DV+6GhygmWM9HyNJSgS0hScp1f5vjtm7oIIOiT9trXrShAkLFSc2IqKNgw==",
      "license": "MIT",
      "engines": {
        "node": ">= 6"
      }
    },
    "node_modules/oidc-token-hash": {
      "version": "5.2.0",
      "resolved": "https://registry.npmjs.org/oidc-token-hash/-/oidc-token-hash-5.2.0.tgz",
      "integrity": "sha512-6gj2m8cJZ+iSW8bm0FXdGF0YhIQbKrfP4yWTNzxc31U6MOjfEmB1rHvlYvxI1B7t7BCi1F2vYTT6YhtQRG4hxw==",
      "license": "MIT",
      "engines": {
        "node": "^10.13.0 || >=12.0.0"
      }
    },
    "node_modules/openid-client": {
      "version": "5.6.4",
      "resolved": "https://registry.npmjs.org/openid-client/-/openid-client-5.6.4.tgz",
      "integrity": "sha512-T1h3B10BRPKfcObdBklX639tVz+xh34O7GjofqrqiAQdm7eHsQ00ih18x6wuJ/E6FxdtS2u3FmUGPDeEcMwzNA==",
      "license": "MIT",
      "dependencies": {
        "jose": "^4.15.4",
        "lru-cache": "^6.0.0",
        "object-hash": "^2.2.0",
        "oidc-token-hash": "^5.0.3"
      },
      "funding": {
        "url": "https://github.com/sponsors/panva"
      }
    },
    "node_modules/openid-client/node_modules/jose": {
      "version": "4.15.9",
      "resolved": "https://registry.npmjs.org/jose/-/jose-4.15.9.tgz",
      "integrity": "sha512-1vUQX+IdDMVPj4k8kOxgUqlcK518yluMuGZwqlr44FS1ppZB/5GWh4rZG89erpOBOJjU/OBsnCVFfapsRz6nEA==",
      "license": "MIT",
      "funding": {
        "url": "https://github.com/sponsors/panva"
      }
    },
    "node_modules/sst": {
      "version": "4.2.2",
      "resolved": "https://registry.npmjs.org/sst/-/sst-4.2.2.tgz",
      "integrity": "sha512-l/Vy78te8l6Typ/oFCL947WBSShljy3S9ugRSnG3zZAvRI9AC5KZJKHBkt+CT/WSK0eromSOO2FBvG2ErCbaxw==",
      "license": "MIT",
      "dependencies": {
        "aws4fetch": "1.0.18",
        "jose": "5.2.3",
        "openid-client": "5.6.4"
      },
      "bin": {
        "sst": "bin/sst.mjs"
      },
      "optionalDependencies": {
        "sst-darwin-arm64": "4.2.2",
        "sst-darwin-x64": "4.2.2",
        "sst-linux-arm64": "4.2.2",
        "sst-linux-x64": "4.2.2",
        "sst-linux-x86": "4.2.2",
        "sst-win32-arm64": "4.2.2",
        "sst-win32-x64": "4.2.2",
        "sst-win32-x86": "4.2.2"
      }
    },
    "node_modules/sst-darwin-arm64": {
      "version": "4.2.2",
      "resolved": "https://registry.npmjs.org/sst-darwin-arm64/-/sst-darwin-arm64-4.2.2.tgz",
      "integrity": "sha512-LDZsaHA5gZ1jTb5MBnZ9hjZD3FWDcQoXHUHXL4VABMbY4gwXgSuieev02Lc4dubqRXDB9h9I7oF5NuzjVctM5A==",
      "cpu": [
        "arm64"
      ],
      "license": "MIT",
      "optional": true,
      "os": [
        "darwin"
      ]
    },
    "node_modules/sst-darwin-x64": {
      "version": "4.2.2",
      "resolved": "https://registry.npmjs.org/sst-darwin-x64/-/sst-darwin-x64-4.2.2.tgz",
      "integrity": "sha512-KGIjkYI3WDRNq+z3AGKYe69IvZP8prMm3mbI5ali5cl1hxiq10CAza+N+qpRXCtxt6vgbwdvmIoWTPYoKBtCIA==",
      "cpu": [
        "x64"
      ],
      "license": "MIT",
      "optional": true,
      "os": [
        "darwin"
      ]
    },
    "node_modules/sst-linux-arm64": {
      "version": "4.2.2",
      "resolved": "https://registry.npmjs.org/sst-linux-arm64/-/sst-linux-arm64-4.2.2.tgz",
      "integrity": "sha512-G9VOE4YkafdH1qhjJGloS6n1zZ9IcmRKZfgWhARs8mELMkWLpLaen1rWxnyTmVRs0LEPR9IqB3owyE19AeYBXQ==",
      "cpu": [
        "arm64"
      ],
      "license": "MIT",
      "optional": true,
      "os": [
        "linux"
      ]
    },
    "node_modules/sst-linux-x64": {
      "version": "4.2.2",
      "resolved": "https://registry.npmjs.org/sst-linux-x64/-/sst-linux-x64-4.2.2.tgz",
      "integrity": "sha512-1wwjpX0Qxo6OFkF6Q8NM8BT9oQvkZpKDMrUqce86rMuqHEzVo7GTXuqku6ouapjeMN+ZDC2vW2ReiR6W4Eh2Hw==",
      "cpu": [
        "x64"
      ],
      "license": "MIT",
      "optional": true,
      "os": [
        "linux"
      ]
    },
    "node_modules/sst-linux-x86": {
      "version": "4.2.2",
      "resolved": "https://registry.npmjs.org/sst-linux-x86/-/sst-linux-x86-4.2.2.tgz",
      "integrity": "sha512-+LSwFRfAex8lN7F+Rk8ENsg2nhS6ZSW+za11u8Ec/5jYgDJACT3Oznw0UDjhNCGKGxTk7IgqICbVaudfVcy5Jw==",
      "cpu": [
        "x86"
      ],
      "license": "MIT",
      "optional": true,
      "os": [
        "linux"
      ]
    },
    "node_modules/sst-win32-arm64": {
      "version": "4.2.2",
      "resolved": "https://registry.npmjs.org/sst-win32-arm64/-/sst-win32-arm64-4.2.2.tgz",
      "integrity": "sha512-AV9njoZ20SCyCXdcdRrZk9o06o0iOzzb7jAMcAP4EG6SfP/cyTNYoeMW7vEl/8cVWL0SBaTs0tyIzLWT9f84mg==",
      "cpu": [
        "arm64"
      ],
      "license": "MIT",
      "optional": true,
      "os": [
        "win32"
      ]
    },
    "node_modules/sst-win32-x64": {
      "version": "4.2.2",
      "resolved": "https://registry.npmjs.org/sst-win32-x64/-/sst-win32-x64-4.2.2.tgz",
      "integrity": "sha512-skS7vxj9sXay9sxXxMi4pyTA884T7Doff+m/JT5LYHVBaxtBfqdlL4LtkaCMGNGAhzj8Vu80zz1WZyIx3Rh3cw==",
      "cpu": [
        "x64"
      ],
      "license": "MIT",
      "optional": true,
      "os": [
        "win32"
      ]
    },
    "node_modules/sst-win32-x86": {
      "version": "4.2.2",
      "resolved": "https://registry.npmjs.org/sst-win32-x86/-/sst-win32-x86-4.2.2.tgz",
      "integrity": "sha512-JBREFAzf8NFdh5zB22WGoIeQ24iRxZ1MPF7EvV9zcqLobBFuFWqVwIFkmFkHOT/cP2JhAAniyFnD32O6b1cePw==",
      "cpu": [
        "x86"
      ],
      "license": "MIT",
      "optional": true,
      "os": [
        "win32"
      ]
    },
    "node_modules/typescript": {
      "version": "6.0.2",
      "resolved": "https://registry.npmjs.org/typescript/-/typescript-6.0.2.tgz",
      "integrity": "sha512-bGdAIrZ0wiGDo5l8c++HWtbaNCWTS4UTv7RaTH/ThVIgjkveJt83m74bBHMJkuCbslY8ixgLBVZJIOiQlQTjfQ==",
      "dev": true,
      "license": "Apache-2.0",
      "bin": {
        "tsc": "bin/tsc",
        "tsserver": "bin/tsserver"
      },
      "engines": {
        "node": ">=14.17"
      }
    },
    "node_modules/yallist": {
      "version": "4.0.0",
      "resolved": "https://registry.npmjs.org/yallist/-/yallist-4.0.0.tgz",
      "integrity": "sha512-3wdGidZyq5PB084XLES5TpOSRA3wjXAlIWMhum2kRcv/41Sn2emQ0dycQW4uZXLejwKvg6EsvbdlVL+FYEct7A==",
      "license": "ISC"
    }
  }
}
