lockfileVersion: '9.0'

settings:
  autoInstallPeers: true
  excludeLinksFromLockfile: false

importers:

  .:
    dependencies:
      sst:
        specifier: ^4.2.2
        version: 4.5.12
    devDependencies:
      typescript:
        specifier: ^6.0.2
        version: 6.0.2

packages:

  aws4fetch@1.0.18:
    resolution: {integrity: sha512-3Cf+YaUl07p24MoQ46rFwulAmiyCwH2+1zw1ZyPAX5OtJ34Hh185DwB8y/qRLb6cYYYtSFJ9pthyLc0MD4e8sQ==}

  jose@4.15.9:
    resolution: {integrity: sha512-1vUQX+IdDMVPj4k8kOxgUqlcK518yluMuGZwqlr44FS1ppZB/5GWh4rZG89erpOBOJjU/OBsnCVFfapsRz6nEA==}

  jose@5.2.3:
    resolution: {integrity: sha512-KUXdbctm1uHVL8BYhnyHkgp3zDX5KW8ZhAKVFEfUbU2P8Alpzjb+48hHvjOdQIyPshoblhzsuqOwEEAbtHVirA==}

  lru-cache@6.0.0:
    resolution: {integrity: sha512-Jo6dJ04CmSjuznwJSS3pUeWmd/H0ffTlkXXgwZi+eq1UCmqQwCh+eLsYOYCwY991i2Fah4h1BEMCx4qThGbsiA==}
    engines: {node: '>=10'}

  object-hash@2.2.0:
    resolution: {integrity: sha512-gScRMn0bS5fH+IuwyIFgnh9zBdo4DV+6GhygmWM9HyNJSgS0hScp1f5vjtm7oIIOiT9trXrShAkLFSc2IqKNgw==}
    engines: {node: '>= 6'}

  oidc-token-hash@5.2.0:
    resolution: {integrity: sha512-6gj2m8cJZ+iSW8bm0FXdGF0YhIQbKrfP4yWTNzxc31U6MOjfEmB1rHvlYvxI1B7t7BCi1F2vYTT6YhtQRG4hxw==}
    engines: {node: ^10.13.0 || >=12.0.0}

  openid-client@5.6.4:
    resolution: {integrity: sha512-T1h3B10BRPKfcObdBklX639tVz+xh34O7GjofqrqiAQdm7eHsQ00ih18x6wuJ/E6FxdtS2u3FmUGPDeEcMwzNA==}

  sst-darwin-arm64@4.5.12:
    resolution: {integrity: sha512-/irP0q3/2r3N84Qwfty7rBHlg7jSDry35CsS04oGdo3hdwD0kMTrQqkwQddB3QYXb6HBsmNpIUHTlwKjcjBeyg==}
    cpu: [arm64]
    os: [darwin]

  sst-darwin-x64@4.5.12:
    resolution: {integrity: sha512-fWFanEBWqjxuIo+pX7J7DFTxUqCtrYKgv/OVAKnSZ07DndtmhI8+VpiQks17gS4C59i5JkC1NPgjw2Swdl5prA==}
    cpu: [x64]
    os: [darwin]

  sst-linux-arm64@4.5.12:
    resolution: {integrity: sha512-jea1peKaqMgyFJhitOP2vuMaECL6hwBwFyLSVgjFyLN2aF7VSBz7vdrL84e13skofvc2ZM9dt4LjTDbQ/4YWGw==}
    cpu: [arm64]
    os: [linux]

  sst-linux-x64@4.5.12:
    resolution: {integrity: sha512-fLeYJhUAmv0ZgxQkhaoHHR7qekOKZYyQMqJElefgoGpy8o6vGaX+kuMZSNsd0xSNgnx/VA9bcx8H6Pjk7a03Aw==}
    cpu: [x64]
    os: [linux]

  sst-linux-x86@4.5.12:
    resolution: {integrity: sha512-C4sIDFboYGD0Q5K88taD2/296EGy8EcqpeJdDLclcHQy/wNZ6D7PaZjZoqJg3MD7CQaqdL8SSt2/YW34rjrXrw==}
    cpu: [x86]
    os: [linux]

  sst-win32-arm64@4.5.12:
    resolution: {integrity: sha512-LksvtO5rphSDKjW+Xe1hroohy41a2Gk0JJNHaBZOM6qYN9gcHTrIFAd4Tk+ZG+netycxHi0QUKgA3tNuLQUpIw==}
    cpu: [arm64]
    os: [win32]

  sst-win32-x64@4.5.12:
    resolution: {integrity: sha512-qdoergfWiyZovTabneB50uca6GZIZlcRaGHjJf7Zef+yvluFvjgR+zu5ma6TVtdemKtiQWD3TC+uaHdPrJLN0w==}
    cpu: [x64]
    os: [win32]

  sst-win32-x86@4.5.12:
    resolution: {integrity: sha512-6O4ZBNTNSG/poYbRNbM5F9Ldj4pGxs5jZSDYZ+cMem0rKrQSAIH3yWXaXsqGadyJ1qetcAxkt8pxuN2GCbWS+w==}
    cpu: [x86]
    os: [win32]

  sst@4.5.12:
    resolution: {integrity: sha512-gZX6riWnbmgDGl+K3sLWP6JrQJPAf+GKNycqmIH9/3rS14zAK+PJhnwtr52XaTaAOOfUFuJNN72TZNjfq5Vzyw==}
    hasBin: true

  typescript@6.0.2:
    resolution: {integrity: sha512-bGdAIrZ0wiGDo5l8c++HWtbaNCWTS4UTv7RaTH/ThVIgjkveJt83m74bBHMJkuCbslY8ixgLBVZJIOiQlQTjfQ==}
    engines: {node: '>=14.17'}
    hasBin: true

  yallist@4.0.0:
    resolution: {integrity: sha512-3wdGidZyq5PB084XLES5TpOSRA3wjXAlIWMhum2kRcv/41Sn2emQ0dycQW4uZXLejwKvg6EsvbdlVL+FYEct7A==}

snapshots:

  aws4fetch@1.0.18: {}

  jose@4.15.9: {}

  jose@5.2.3: {}

  lru-cache@6.0.0:
    dependencies:
      yallist: 4.0.0

  object-hash@2.2.0: {}

  oidc-token-hash@5.2.0: {}

  openid-client@5.6.4:
    dependencies:
      jose: 4.15.9
      lru-cache: 6.0.0
      object-hash: 2.2.0
      oidc-token-hash: 5.2.0

  sst-darwin-arm64@4.5.12:
    optional: true

  sst-darwin-x64@4.5.12:
    optional: true

  sst-linux-arm64@4.5.12:
    optional: true

  sst-linux-x64@4.5.12:
    optional: true

  sst-linux-x86@4.5.12:
    optional: true

  sst-win32-arm64@4.5.12:
    optional: true

  sst-win32-x64@4.5.12:
    optional: true

  sst-win32-x86@4.5.12:
    optional: true

  sst@4.5.12:
    dependencies:
      aws4fetch: 1.0.18
      jose: 5.2.3
      openid-client: 5.6.4
    optionalDependencies:
      sst-darwin-arm64: 4.5.12
      sst-darwin-x64: 4.5.12
      sst-linux-arm64: 4.5.12
      sst-linux-x64: 4.5.12
      sst-linux-x86: 4.5.12
      sst-win32-arm64: 4.5.12
      sst-win32-x64: 4.5.12
      sst-win32-x86: 4.5.12

  typescript@6.0.2: {}

  yallist@4.0.0: {}
